<Solution>
  <Folder Name="/01_Core/">
    <Project Path="JobBoardPlatform.Core/JobBoardPlatform.Core.csproj" Id="d5e15d04-20f5-4fcf-9160-9a059fa9347f" />
  </Folder>
  <Folder Name="/02_Application/">
    <Project Path="JobBoardPlatform.Application/JobBoardPlatform.Application.csproj" Id="5bacedef-750e-43e5-ade9-9ba51782dd75" />
  </Folder>
  <Folder Name="/03_Infrastructure/">
    <Project Path="JobBoardPlatform.Infrastructure/JobBoardPlatform.Infrastructure.csproj" Id="b38e8e0e-fea2-4993-840c-c3b1e228a10c" />
  </Folder>
  <Folder Name="/04_Persistance/">
    <Project Path="JobBoardPlatform.WebApi/JobBoardPlatform.WebApi.csproj" Id="ff6f0f57-eadf-451c-b81d-b7b77de84c74" />
  </Folder>
</Solution>
